
Microsoft Visual Studio Solution File, Format Version 12.00
# Visual Studio 15
VisualStudioVersion = 15.0.27703.2042
MinimumVisualStudioVersion = 10.0.40219.1
Project("{8BC9CEB8-8B4A-11D0-8D11-00A0C91BC942}") = "Ikachan", "Ikachan\Ikachan.vcxproj", "{C03B2CBA-2F23-4C9E-A390-2C0211FC48D0}"
EndProject
Global
	GlobalSection(SolutionConfigurationPlatforms) = preSolution
		Debug|x64 = Debug|x64
		Debug|x86 = Debug|x86
		Release|x64 = Release|x64
		Release|x86 = Release|x86
	EndGlobalSection
	GlobalSection(ProjectConfigurationPlatforms) = postSolution
		{C03B2CBA-2F23-4C9E-A390-2C0211FC48D0}.Debug|x64.ActiveCfg = Debug|x64
		{C03B2CBA-2F23-4C9E-A390-2C0211FC48D0}.Debug|x64.Build.0 = Debug|x64
		{C03B2CBA-2F23-4C9E-A390-2C0211FC48D0}.Debug|x86.ActiveCfg = Debug|Win32
		{C03B2CBA-2F23-4C9E-A390-2C0211FC48D0}.Debug|x86.Build.0 = Debug|Win32
		{C03B2CBA-2F23-4C9E-A390-2C0211FC48D0}.Release|x64.ActiveCfg = Release|x64
		{C03B2CBA-2F23-4C9E-A390-2C0211FC48D0}.Release|x64.Build.0 = Release|x64
		{C03B2CBA-2F23-4C9E-A390-2C0211FC48D0}.Release|x86.ActiveCfg = Release|Win32
		{C03B2CBA-2F23-4C9E-A390-2C0211FC48D0}.Release|x86.Build.0 = Release|Win32
	EndGlobalSection
	GlobalSection(SolutionProperties) = preSolution
		HideSolutionNode = FALSE
	EndGlobalSection
	GlobalSection(ExtensibilityGlobals) = postSolution
		SolutionGuid = {E1661FEA-3604-4187-9BA3-4F4E7527FF5D}
	EndGlobalSection
EndGlobal
